
Microsoft Visual Studio Solution File, Format Version 12.00
# Visual Studio Version 16
VisualStudioVersion = 16.0.30204.135
MinimumVisualStudioVersion = 10.0.40219.1
Project("{FAE04EC0-301F-11D3-BF4B-00C04F79EFBC}") = "PracticeWork2", "PracticeWork2\PracticeWork2.csproj", "{9F3A021C-4C2C-4413-9817-6B2ECDFA0A0B}"
EndProject
Global
	GlobalSection(SolutionConfigurationPlatforms) = preSolution
		Debug|Any CPU = Debug|Any CPU
		Release|Any CPU = Release|Any CPU
	EndGlobalSection
	GlobalSection(ProjectConfigurationPlatforms) = postSolution
		{9F3A021C-4C2C-4413-9817-6B2ECDFA0A0B}.Debug|Any CPU.ActiveCfg = Debug|Any CPU
		{9F3A021C-4C2C-4413-9817-6B2ECDFA0A0B}.Debug|Any CPU.Build.0 = Debug|Any CPU
		{9F3A021C-4C2C-4413-9817-6B2ECDFA0A0B}.Release|Any CPU.ActiveCfg = Release|Any CPU
		{9F3A021C-4C2C-4413-9817-6B2ECDFA0A0B}.Release|Any CPU.Build.0 = Release|Any CPU
	EndGlobalSection
	GlobalSection(SolutionProperties) = preSolution
		HideSolutionNode = FALSE
	EndGlobalSection
	GlobalSection(ExtensibilityGlobals) = postSolution
		SolutionGuid = {C1473CD8-7002-4D8B-8E53-BFA6C60468D9}
	EndGlobalSection
EndGlobal
